
Microsoft Visual Studio Solution File, Format Version 12.00
# Visual Studio 2013
VisualStudioVersion = 12.0.31101.0
MinimumVisualStudioVersion = 10.0.40219.1
Project("{FAE04EC0-301F-11D3-BF4B-00C04F79EFBC}") = "Hello.HlslUnit", "Hello.HlslUnit\Hello.HlslUnit.csproj", "{0A43EC10-A435-4122-B5B2-FA94363A0AAE}"
EndProject
Project("{2150E333-8FDC-42A3-9474-1A3956D46DE8}") = ".nuget", ".nuget", "{ABAB8B5E-1A5A-4332-A648-7176EB6181A6}"
	ProjectSection(SolutionItems) = preProject
		.nuget\packages.config = .nuget\packages.config
	EndProjectSection
EndProject
Project("{2150E333-8FDC-42A3-9474-1A3956D46DE8}") = ".build", ".build", "{3A2CB29C-9BF6-4CD3-9983-C72277A79A06}"
	ProjectSection(SolutionItems) = preProject
		build.bat = build.bat
		.build\build.targets = .build\build.targets
		.build\empty.targets = .build\empty.targets
		.build\MSBuild.Community.Tasks.dll = .build\MSBuild.Community.Tasks.dll
		.build\MSBuild.Community.Tasks.targets = .build\MSBuild.Community.Tasks.targets
	EndProjectSection
EndProject
Project("{2150E333-8FDC-42A3-9474-1A3956D46DE8}") = "Solution Items", "Solution Items", "{675711AA-ACCB-4CB2-96B9-4D87B7990535}"
	ProjectSection(SolutionItems) = preProject
		ReadMe.md = ReadMe.md
		solution.targets = solution.targets
		SolutionInfo.cs = SolutionInfo.cs
		VersionInfo.g.cs = VersionInfo.g.cs
	EndProjectSection
EndProject
Global
	GlobalSection(SolutionConfigurationPlatforms) = preSolution
		Debug|Any CPU = Debug|Any CPU
		Release|Any CPU = Release|Any CPU
	EndGlobalSection
	GlobalSection(ProjectConfigurationPlatforms) = postSolution
		{0A43EC10-A435-4122-B5B2-FA94363A0AAE}.Debug|Any CPU.ActiveCfg = Debug|Any CPU
		{0A43EC10-A435-4122-B5B2-FA94363A0AAE}.Debug|Any CPU.Build.0 = Debug|Any CPU
		{0A43EC10-A435-4122-B5B2-FA94363A0AAE}.Release|Any CPU.ActiveCfg = Release|Any CPU
		{0A43EC10-A435-4122-B5B2-FA94363A0AAE}.Release|Any CPU.Build.0 = Release|Any CPU
	EndGlobalSection
	GlobalSection(SolutionProperties) = preSolution
		HideSolutionNode = FALSE
	EndGlobalSection
EndGlobal
